github.com/wowchemy/wowchemy-hugo-modules/wowchemy v0.0.0-20201230224646-25e0b0627f09 h1:5Dxk6ndnHNdqqYqVYyLPhUr/crpvj+j1ZEVPeSEqrDw=
github.com/wowchemy/wowchemy-hugo-modules/wowchemy v0.0.0-20201230224646-25e0b0627f09/go.mod h1:H22qfH9qj3FWwsk7+bAZpmT24yRGNQURah2/IRwjbn8=
github.com/wowchemy/wowchemy-hugo-modules/wowchemy v0.0.0-20210123024952-69b7e22be893 h1:Ye/RJa/9tjcFOORWInNwp84H8J7LC/c1n28C3ofT81A=
github.com/wowchemy/wowchemy-hugo-modules/wowchemy v0.0.0-20210123024952-69b7e22be893/go.mod h1:H22qfH9qj3FWwsk7+bAZpmT24yRGNQURah2/IRwjbn8=
